
Microsoft Visual Studio Solution File, Format Version 12.00
# Visual Studio Version 17
VisualStudioVersion = 17.14.37411.7
MinimumVisualStudioVersion = 10.0.40219.1
Project("{FAE04EC0-301F-11D3-BF4B-00C04F79EFBC}") = "TTAK_BLZRV2.Shared", "TTAK_BLZRV2\TTAK_BLZRV2.Shared\TTAK_BLZRV2.Shared.csproj", "{E47A6DFC-954D-40CA-B030-85451AC79F6F}"
EndProject
Project("{FAE04EC0-301F-11D3-BF4B-00C04F79EFBC}") = "TTAK_BLZRV2.Web", "TTAK_BLZRV2\TTAK_BLZRV2.Web\TTAK_BLZRV2.Web.csproj", "{EBD90329-D6BF-463E-A02D-54AFCC5E0214}"
EndProject
Project("{FAE04EC0-301F-11D3-BF4B-00C04F79EFBC}") = "TTAK_BLZRV2.Web.Client", "TTAK_BLZRV2\TTAK_BLZRV2.Web.Client\TTAK_BLZRV2.Web.Client.csproj", "{ADD55D53-F03A-432F-B721-A51104934248}"
EndProject
Project("{FAE04EC0-301F-11D3-BF4B-00C04F79EFBC}") = "SbAdmin2.Data", "TTAK_BLZRV2\SbAdmin2.Data\SbAdmin2.Data.csproj", "{F827F96F-03FF-A879-2BE4-63B0043839CA}"
EndProject
Project("{FAE04EC0-301F-11D3-BF4B-00C04F79EFBC}") = "TTAK_BLZRV2.Entity", "TTAK_BLZRV2\SbAdmin2.Entity\TTAK_BLZRV2.Entity.csproj", "{00F6E7B5-4EC0-411D-9EE9-6DBC58CFE251}"
EndProject
Project("{FAE04EC0-301F-11D3-BF4B-00C04F79EFBC}") = "SbAdmin2.Core", "TTAK_BLZRV2\SbAdmin2.Core\SbAdmin2.Core.csproj", "{E768026C-061C-9AC1-53F1-3027E56EA004}"
EndProject
Project("{FAE04EC0-301F-11D3-BF4B-00C04F79EFBC}") = "SbAdmin2.Service", "TTAK_BLZRV2\SbAdmin2.Service\SbAdmin2.Service.csproj", "{37815D0D-0B04-46A6-8292-8A2C48CBDF80}"
EndProject
Project("{FAE04EC0-301F-11D3-BF4B-00C04F79EFBC}") = "TTAK_BLZRV2", "TTAK_BLZRV2\TTAK_BLZRV2\TTAK_BLZRV2.csproj", "{340043B0-8F45-B5A6-62A3-026BB3C60E02}"
EndProject
Global
	GlobalSection(SolutionConfigurationPlatforms) = preSolution
		Debug|Any CPU = Debug|Any CPU
		Release|Any CPU = Release|Any CPU
	EndGlobalSection
	GlobalSection(ProjectConfigurationPlatforms) = postSolution
		{E47A6DFC-954D-40CA-B030-85451AC79F6F}.Debug|Any CPU.ActiveCfg = Debug|Any CPU
		{E47A6DFC-954D-40CA-B030-85451AC79F6F}.Debug|Any CPU.Build.0 = Debug|Any CPU
		{E47A6DFC-954D-40CA-B030-85451AC79F6F}.Release|Any CPU.ActiveCfg = Release|Any CPU
		{E47A6DFC-954D-40CA-B030-85451AC79F6F}.Release|Any CPU.Build.0 = Release|Any CPU
		{EBD90329-D6BF-463E-A02D-54AFCC5E0214}.Debug|Any CPU.ActiveCfg = Debug|Any CPU
		{EBD90329-D6BF-463E-A02D-54AFCC5E0214}.Debug|Any CPU.Build.0 = Debug|Any CPU
		{EBD90329-D6BF-463E-A02D-54AFCC5E0214}.Release|Any CPU.ActiveCfg = Release|Any CPU
		{EBD90329-D6BF-463E-A02D-54AFCC5E0214}.Release|Any CPU.Build.0 = Release|Any CPU
		{ADD55D53-F03A-432F-B721-A51104934248}.Debug|Any CPU.ActiveCfg = Debug|Any CPU
		{ADD55D53-F03A-432F-B721-A51104934248}.Debug|Any CPU.Build.0 = Debug|Any CPU
		{ADD55D53-F03A-432F-B721-A51104934248}.Release|Any CPU.ActiveCfg = Release|Any CPU
		{ADD55D53-F03A-432F-B721-A51104934248}.Release|Any CPU.Build.0 = Release|Any CPU
		{F827F96F-03FF-A879-2BE4-63B0043839CA}.Debug|Any CPU.ActiveCfg = Debug|Any CPU
		{F827F96F-03FF-A879-2BE4-63B0043839CA}.Debug|Any CPU.Build.0 = Debug|Any CPU
		{F827F96F-03FF-A879-2BE4-63B0043839CA}.Release|Any CPU.ActiveCfg = Release|Any CPU
		{F827F96F-03FF-A879-2BE4-63B0043839CA}.Release|Any CPU.Build.0 = Release|Any CPU
		{00F6E7B5-4EC0-411D-9EE9-6DBC58CFE251}.Debug|Any CPU.ActiveCfg = Debug|Any CPU
		{00F6E7B5-4EC0-411D-9EE9-6DBC58CFE251}.Debug|Any CPU.Build.0 = Debug|Any CPU
		{00F6E7B5-4EC0-411D-9EE9-6DBC58CFE251}.Release|Any CPU.ActiveCfg = Release|Any CPU
		{00F6E7B5-4EC0-411D-9EE9-6DBC58CFE251}.Release|Any CPU.Build.0 = Release|Any CPU
		{E768026C-061C-9AC1-53F1-3027E56EA004}.Debug|Any CPU.ActiveCfg = Debug|Any CPU
		{E768026C-061C-9AC1-53F1-3027E56EA004}.Debug|Any CPU.Build.0 = Debug|Any CPU
		{E768026C-061C-9AC1-53F1-3027E56EA004}.Release|Any CPU.ActiveCfg = Release|Any CPU
		{E768026C-061C-9AC1-53F1-3027E56EA004}.Release|Any CPU.Build.0 = Release|Any CPU
		{37815D0D-0B04-46A6-8292-8A2C48CBDF80}.Debug|Any CPU.ActiveCfg = Debug|Any CPU
		{37815D0D-0B04-46A6-8292-8A2C48CBDF80}.Debug|Any CPU.Build.0 = Debug|Any CPU
		{37815D0D-0B04-46A6-8292-8A2C48CBDF80}.Release|Any CPU.ActiveCfg = Release|Any CPU
		{37815D0D-0B04-46A6-8292-8A2C48CBDF80}.Release|Any CPU.Build.0 = Release|Any CPU
		{340043B0-8F45-B5A6-62A3-026BB3C60E02}.Debug|Any CPU.ActiveCfg = Debug|Any CPU
		{340043B0-8F45-B5A6-62A3-026BB3C60E02}.Debug|Any CPU.Build.0 = Debug|Any CPU
		{340043B0-8F45-B5A6-62A3-026BB3C60E02}.Debug|Any CPU.Deploy.0 = Debug|Any CPU
		{340043B0-8F45-B5A6-62A3-026BB3C60E02}.Release|Any CPU.ActiveCfg = Release|Any CPU
		{340043B0-8F45-B5A6-62A3-026BB3C60E02}.Release|Any CPU.Build.0 = Release|Any CPU
		{340043B0-8F45-B5A6-62A3-026BB3C60E02}.Release|Any CPU.Deploy.0 = Release|Any CPU
	EndGlobalSection
	GlobalSection(SolutionProperties) = preSolution
		HideSolutionNode = FALSE
	EndGlobalSection
	GlobalSection(ExtensibilityGlobals) = postSolution
		SolutionGuid = {12B68794-2660-412B-BC0C-9A0BBB97D8B6}
	EndGlobalSection
EndGlobal
