
Microsoft Visual Studio Solution File, Format Version 12.00
# Visual Studio Version 17
VisualStudioVersion = 17.14.37411.7
MinimumVisualStudioVersion = 10.0.40219.1
Project("{FAE04EC0-301F-11D3-BF4B-00C04F79EFBC}") = "TTAK_BLZRV2", "TTAK_BLZRV2\TTAK_BLZRV2.csproj", "{6C55427D-0AF1-40EF-AE2D-B2A68588B641}"
EndProject
Project("{FAE04EC0-301F-11D3-BF4B-00C04F79EFBC}") = "SbAdmin2.Core", "SbAdmin2.Core\SbAdmin2.Core.csproj", "{5B2B8908-150A-BB4D-833C-3C865D55742E}"
EndProject
Project("{FAE04EC0-301F-11D3-BF4B-00C04F79EFBC}") = "SbAdmin2.Data", "SbAdmin2.Data\SbAdmin2.Data.csproj", "{9724BC8C-B86A-21A2-373D-657B3F237DC0}"
EndProject
Project("{FAE04EC0-301F-11D3-BF4B-00C04F79EFBC}") = "TTAK_BLZRV2.Entity", "SbAdmin2.Entity\TTAK_BLZRV2.Entity.csproj", "{00F6E7B5-4EC0-411D-9EE9-6DBC58CFE251}"
EndProject
Project("{FAE04EC0-301F-11D3-BF4B-00C04F79EFBC}") = "SbAdmin2.Service", "SbAdmin2.Service\SbAdmin2.Service.csproj", "{FC839AB3-A6F1-763B-93F7-940B796785A9}"
EndProject
Global
	GlobalSection(SolutionConfigurationPlatforms) = preSolution
		Debug|Any CPU = Debug|Any CPU
		Release|Any CPU = Release|Any CPU
	EndGlobalSection
	GlobalSection(ProjectConfigurationPlatforms) = postSolution
		{6C55427D-0AF1-40EF-AE2D-B2A68588B641}.Debug|Any CPU.ActiveCfg = Debug|Any CPU
		{6C55427D-0AF1-40EF-AE2D-B2A68588B641}.Debug|Any CPU.Build.0 = Debug|Any CPU
		{6C55427D-0AF1-40EF-AE2D-B2A68588B641}.Debug|Any CPU.Deploy.0 = Debug|Any CPU
		{6C55427D-0AF1-40EF-AE2D-B2A68588B641}.Release|Any CPU.ActiveCfg = Release|Any CPU
		{6C55427D-0AF1-40EF-AE2D-B2A68588B641}.Release|Any CPU.Build.0 = Release|Any CPU
		{5B2B8908-150A-BB4D-833C-3C865D55742E}.Debug|Any CPU.ActiveCfg = Debug|Any CPU
		{5B2B8908-150A-BB4D-833C-3C865D55742E}.Debug|Any CPU.Build.0 = Debug|Any CPU
		{5B2B8908-150A-BB4D-833C-3C865D55742E}.Release|Any CPU.ActiveCfg = Release|Any CPU
		{5B2B8908-150A-BB4D-833C-3C865D55742E}.Release|Any CPU.Build.0 = Release|Any CPU
		{9724BC8C-B86A-21A2-373D-657B3F237DC0}.Debug|Any CPU.ActiveCfg = Debug|Any CPU
		{9724BC8C-B86A-21A2-373D-657B3F237DC0}.Debug|Any CPU.Build.0 = Debug|Any CPU
		{9724BC8C-B86A-21A2-373D-657B3F237DC0}.Release|Any CPU.ActiveCfg = Release|Any CPU
		{9724BC8C-B86A-21A2-373D-657B3F237DC0}.Release|Any CPU.Build.0 = Release|Any CPU
		{00F6E7B5-4EC0-411D-9EE9-6DBC58CFE251}.Debug|Any CPU.ActiveCfg = Debug|Any CPU
		{00F6E7B5-4EC0-411D-9EE9-6DBC58CFE251}.Debug|Any CPU.Build.0 = Debug|Any CPU
		{00F6E7B5-4EC0-411D-9EE9-6DBC58CFE251}.Release|Any CPU.ActiveCfg = Release|Any CPU
		{00F6E7B5-4EC0-411D-9EE9-6DBC58CFE251}.Release|Any CPU.Build.0 = Release|Any CPU
		{FC839AB3-A6F1-763B-93F7-940B796785A9}.Debug|Any CPU.ActiveCfg = Debug|Any CPU
		{FC839AB3-A6F1-763B-93F7-940B796785A9}.Debug|Any CPU.Build.0 = Debug|Any CPU
		{FC839AB3-A6F1-763B-93F7-940B796785A9}.Release|Any CPU.ActiveCfg = Release|Any CPU
		{FC839AB3-A6F1-763B-93F7-940B796785A9}.Release|Any CPU.Build.0 = Release|Any CPU
	EndGlobalSection
	GlobalSection(SolutionProperties) = preSolution
		HideSolutionNode = FALSE
	EndGlobalSection
	GlobalSection(ExtensibilityGlobals) = postSolution
		SolutionGuid = {0D8D32BF-192D-489B-8EE0-364FCE64B9CA}
	EndGlobalSection
EndGlobal
